
Microsoft Visual Studio Solution File, Format Version 12.00
# Visual Studio 15
VisualStudioVersion = 15.0.27703.2042
MinimumVisualStudioVersion = 10.0.40219.1
Project("{FAE04EC0-301F-11D3-BF4B-00C04F79EFBC}") = "继承", "继承\继承.csproj", "{E4C7A48C-5FD3-49A8-95C5-1F206B9DD035}"
EndProject
Project("{FAE04EC0-301F-11D3-BF4B-00C04F79EFBC}") = "里氏替换原则(is as)", "里氏替换原则\里氏替换原则(is as).csproj", "{45AEA5AD-7610-46FC-8D24-CBD2DF1A4F66}"
EndProject
Project("{FAE04EC0-301F-11D3-BF4B-00C04F79EFBC}") = "继承中的构造函数", "继承中的构造函数\继承中的构造函数.csproj", "{FABF304E-A0EB-493E-A154-23E917614F3E}"
EndProject
Project("{FAE04EC0-301F-11D3-BF4B-00C04F79EFBC}") = "万物之父object和拆箱装箱", "万物之父object和拆箱装箱\万物之父object和拆箱装箱.csproj", "{B2430C80-F0BE-44BB-BE7C-97068D233086}"
EndProject
Project("{FAE04EC0-301F-11D3-BF4B-00C04F79EFBC}") = "密封类", "密封类\密封类.csproj", "{7C76D05E-F1EC-4CDE-A1DB-F114EB149E0C}"
EndProject
Project("{FAE04EC0-301F-11D3-BF4B-00C04F79EFBC}") = "多态", "多态VOB\多态.csproj", "{A7F5F346-F43A-47C8-865D-0DE8162A263A}"
EndProject
Project("{FAE04EC0-301F-11D3-BF4B-00C04F79EFBC}") = "抽象类和抽象方法", "抽象类和抽象方法\抽象类和抽象方法.csproj", "{1FA52AD8-A780-4E71-90F3-EB1DAB49E079}"
EndProject
Project("{FAE04EC0-301F-11D3-BF4B-00C04F79EFBC}") = "接口", "接口\接口.csproj", "{B48B74EB-680F-40CF-A93F-06563A5D082A}"
EndProject
Project("{FAE04EC0-301F-11D3-BF4B-00C04F79EFBC}") = "密封方法", "密封方法\密封方法.csproj", "{8574D32A-8403-495C-916E-BA158049AB0B}"
EndProject
Project("{FAE04EC0-301F-11D3-BF4B-00C04F79EFBC}") = "命名空间", "命名空间\命名空间.csproj", "{AE3BEBF3-F73E-4DBC-BDB0-C05C1620CE7A}"
EndProject
Project("{FAE04EC0-301F-11D3-BF4B-00C04F79EFBC}") = "Object中的方法", "Object中的方法\Object中的方法.csproj", "{D48C677C-5E96-4179-864C-91B8DCE43D3A}"
EndProject
Project("{FAE04EC0-301F-11D3-BF4B-00C04F79EFBC}") = "String", "String\String.csproj", "{1C2CF588-A55E-48A8-AB5C-5B852CD9A16E}"
EndProject
Project("{FAE04EC0-301F-11D3-BF4B-00C04F79EFBC}") = "StringBuilder", "StringBuilder\StringBuilder.csproj", "{786D9FE1-67D9-420B-B2B8-33E08A186E01}"
EndProject
Project("{FAE04EC0-301F-11D3-BF4B-00C04F79EFBC}") = "结构体和类的区别", "结构体和类的区别\结构体和类的区别.csproj", "{FF18DDD1-0E97-4646-90EB-B4690A16841F}"
EndProject
Project("{FAE04EC0-301F-11D3-BF4B-00C04F79EFBC}") = "抽象类和接口的区别", "抽象类和接口的区别\抽象类和接口的区别.csproj", "{5B11171A-B859-4727-9AFA-228B293EA4E9}"
EndProject
Project("{2150E333-8FDC-42A3-9474-1A3956D46DE8}") = "cs核心", "cs核心", "{AEE500D9-75B4-4760-BB28-9796F9722868}"
EndProject
Project("{2150E333-8FDC-42A3-9474-1A3956D46DE8}") = "cs进阶", "cs进阶", "{BE268FE7-FEA8-4C7A-B065-02E6D560954A}"
EndProject
Project("{2150E333-8FDC-42A3-9474-1A3956D46DE8}") = "简单数据结构", "简单数据结构", "{2F4DD0D3-D7D8-4D07-B28C-7D5FDE955EBC}"
EndProject
Project("{FAE04EC0-301F-11D3-BF4B-00C04F79EFBC}") = "ArrayList", "ArrayList\ArrayList.csproj", "{E6CC4739-9AF6-4D15-980F-2F26DA3C3142}"
EndProject
Project("{FAE04EC0-301F-11D3-BF4B-00C04F79EFBC}") = "stack相关", "stack相关\stack相关.csproj", "{26211983-CE9E-4A31-9B6F-EDB08AAFBDB7}"
EndProject
Project("{FAE04EC0-301F-11D3-BF4B-00C04F79EFBC}") = "Queue相关", "Queue相关\Queue相关.csproj", "{2777A3E7-BB1F-4838-BA77-AED13DF2A676}"
EndProject
Project("{FAE04EC0-301F-11D3-BF4B-00C04F79EFBC}") = "HashTable相关", "HashTable相关\HashTable相关.csproj", "{DF3BBFCD-489E-4573-B3EF-846B1FA8AD10}"
EndProject
Project("{FAE04EC0-301F-11D3-BF4B-00C04F79EFBC}") = "泛型", "泛型\泛型.csproj", "{8C51E2C4-C2CC-4D38-AA21-F70FF65C47B1}"
EndProject
Project("{FAE04EC0-301F-11D3-BF4B-00C04F79EFBC}") = "泛型约束", "泛型约束\泛型约束.csproj", "{99B2AF8D-92F0-45FE-8A50-220875AAB0CD}"
EndProject
Project("{FAE04EC0-301F-11D3-BF4B-00C04F79EFBC}") = "List相关", "List相关\List相关.csproj", "{2B216D92-CB76-4C91-B36C-03039D8B2758}"
EndProject
Project("{2150E333-8FDC-42A3-9474-1A3956D46DE8}") = "常用数据结构类", "常用数据结构类", "{96B5CCB9-06ED-4784-891F-036BEC6BEF25}"
EndProject
Project("{FAE04EC0-301F-11D3-BF4B-00C04F79EFBC}") = "Dictionary相关", "Dictionary相关\Dictionary相关.csproj", "{62887674-6D5E-4271-98DE-297CB9687886}"
EndProject
Project("{FAE04EC0-301F-11D3-BF4B-00C04F79EFBC}") = "顺序存储和链式存储", "顺序存储和链式存储\顺序存储和链式存储.csproj", "{9A69E4DB-53E2-4C62-8C36-9774686F4BA5}"
EndProject
Project("{FAE04EC0-301F-11D3-BF4B-00C04F79EFBC}") = "LinkedList相关", "LinkedList相关\LinkedList相关.csproj", "{39A1F919-1262-4020-8409-5E580771F8E3}"
EndProject
Project("{FAE04EC0-301F-11D3-BF4B-00C04F79EFBC}") = "泛型栈和队列", "泛型栈和队列\泛型栈和队列.csproj", "{DF1CCC50-2A36-4C03-9FF3-22057ECA6CE0}"
EndProject
Project("{2150E333-8FDC-42A3-9474-1A3956D46DE8}") = "委托和事件", "委托和事件", "{EAC01CAC-E68F-4745-B31B-BF38FEDDD3BB}"
EndProject
Project("{FAE04EC0-301F-11D3-BF4B-00C04F79EFBC}") = "委托", "委托\委托.csproj", "{38A006C1-F3D3-43C8-A005-EFA6872EF548}"
EndProject
Project("{FAE04EC0-301F-11D3-BF4B-00C04F79EFBC}") = "事件", "事件\事件.csproj", "{FF760593-69B1-4F60-9DED-198917E4D23A}"
EndProject
Project("{FAE04EC0-301F-11D3-BF4B-00C04F79EFBC}") = "匿名函数", "匿名函数\匿名函数.csproj", "{A4E82571-D936-45E0-B31A-F8936CFEE326}"
EndProject
Project("{FAE04EC0-301F-11D3-BF4B-00C04F79EFBC}") = "Lamda表达式", "Lamda表达式\Lamda表达式.csproj", "{08A53FB1-6D87-4C53-93A2-DA4616B2E4AD}"
EndProject
Project("{FAE04EC0-301F-11D3-BF4B-00C04F79EFBC}") = "List排序", "List排序\List排序.csproj", "{4A2E7BCC-9328-48C5-8272-0899A3A4BDA8}"
EndProject
Project("{FAE04EC0-301F-11D3-BF4B-00C04F79EFBC}") = "逆变和协变", "逆变和谐变\逆变和协变.csproj", "{9D2B39AB-D058-4973-8DFD-82F330A57A5C}"
EndProject
Project("{FAE04EC0-301F-11D3-BF4B-00C04F79EFBC}") = "线程", "线程\线程.csproj", "{1F8EA88C-E349-4883-A776-ABD040E78D08}"
EndProject
Project("{FAE04EC0-301F-11D3-BF4B-00C04F79EFBC}") = "预处理器指令", "预处理器指令\预处理器指令.csproj", "{576A3F85-9413-45D8-89B4-723EA701BBED}"
EndProject
Project("{FAE04EC0-301F-11D3-BF4B-00C04F79EFBC}") = "反射 关键类TYpe和主要方法", "反射和特性\反射 关键类TYpe和主要方法.csproj", "{44BFFA91-0638-4CAC-B8E3-691E0CF42467}"
EndProject
Project("{FAE04EC0-301F-11D3-BF4B-00C04F79EFBC}") = "反射Assembly和Activator", "反射Assembly和Activator\反射Assembly和Activator.csproj", "{93A16416-A555-432C-BBAA-60EBFAF65865}"
EndProject
Global
	GlobalSection(SolutionConfigurationPlatforms) = preSolution
		Debug|Any CPU = Debug|Any CPU
		Release|Any CPU = Release|Any CPU
	EndGlobalSection
	GlobalSection(ProjectConfigurationPlatforms) = postSolution
		{E4C7A48C-5FD3-49A8-95C5-1F206B9DD035}.Debug|Any CPU.ActiveCfg = Debug|Any CPU
		{E4C7A48C-5FD3-49A8-95C5-1F206B9DD035}.Debug|Any CPU.Build.0 = Debug|Any CPU
		{E4C7A48C-5FD3-49A8-95C5-1F206B9DD035}.Release|Any CPU.ActiveCfg = Release|Any CPU
		{E4C7A48C-5FD3-49A8-95C5-1F206B9DD035}.Release|Any CPU.Build.0 = Release|Any CPU
		{45AEA5AD-7610-46FC-8D24-CBD2DF1A4F66}.Debug|Any CPU.ActiveCfg = Debug|Any CPU
		{45AEA5AD-7610-46FC-8D24-CBD2DF1A4F66}.Debug|Any CPU.Build.0 = Debug|Any CPU
		{45AEA5AD-7610-46FC-8D24-CBD2DF1A4F66}.Release|Any CPU.ActiveCfg = Release|Any CPU
		{45AEA5AD-7610-46FC-8D24-CBD2DF1A4F66}.Release|Any CPU.Build.0 = Release|Any CPU
		{FABF304E-A0EB-493E-A154-23E917614F3E}.Debug|Any CPU.ActiveCfg = Debug|Any CPU
		{FABF304E-A0EB-493E-A154-23E917614F3E}.Debug|Any CPU.Build.0 = Debug|Any CPU
		{FABF304E-A0EB-493E-A154-23E917614F3E}.Release|Any CPU.ActiveCfg = Release|Any CPU
		{FABF304E-A0EB-493E-A154-23E917614F3E}.Release|Any CPU.Build.0 = Release|Any CPU
		{B2430C80-F0BE-44BB-BE7C-97068D233086}.Debug|Any CPU.ActiveCfg = Debug|Any CPU
		{B2430C80-F0BE-44BB-BE7C-97068D233086}.Debug|Any CPU.Build.0 = Debug|Any CPU
		{B2430C80-F0BE-44BB-BE7C-97068D233086}.Release|Any CPU.ActiveCfg = Release|Any CPU
		{B2430C80-F0BE-44BB-BE7C-97068D233086}.Release|Any CPU.Build.0 = Release|Any CPU
		{7C76D05E-F1EC-4CDE-A1DB-F114EB149E0C}.Debug|Any CPU.ActiveCfg = Debug|Any CPU
		{7C76D05E-F1EC-4CDE-A1DB-F114EB149E0C}.Debug|Any CPU.Build.0 = Debug|Any CPU
		{7C76D05E-F1EC-4CDE-A1DB-F114EB149E0C}.Release|Any CPU.ActiveCfg = Release|Any CPU
		{7C76D05E-F1EC-4CDE-A1DB-F114EB149E0C}.Release|Any CPU.Build.0 = Release|Any CPU
		{A7F5F346-F43A-47C8-865D-0DE8162A263A}.Debug|Any CPU.ActiveCfg = Debug|Any CPU
		{A7F5F346-F43A-47C8-865D-0DE8162A263A}.Debug|Any CPU.Build.0 = Debug|Any CPU
		{A7F5F346-F43A-47C8-865D-0DE8162A263A}.Release|Any CPU.ActiveCfg = Release|Any CPU
		{A7F5F346-F43A-47C8-865D-0DE8162A263A}.Release|Any CPU.Build.0 = Release|Any CPU
		{1FA52AD8-A780-4E71-90F3-EB1DAB49E079}.Debug|Any CPU.ActiveCfg = Debug|Any CPU
		{1FA52AD8-A780-4E71-90F3-EB1DAB49E079}.Debug|Any CPU.Build.0 = Debug|Any CPU
		{1FA52AD8-A780-4E71-90F3-EB1DAB49E079}.Release|Any CPU.ActiveCfg = Release|Any CPU
		{1FA52AD8-A780-4E71-90F3-EB1DAB49E079}.Release|Any CPU.Build.0 = Release|Any CPU
		{B48B74EB-680F-40CF-A93F-06563A5D082A}.Debug|Any CPU.ActiveCfg = Debug|Any CPU
		{B48B74EB-680F-40CF-A93F-06563A5D082A}.Debug|Any CPU.Build.0 = Debug|Any CPU
		{B48B74EB-680F-40CF-A93F-06563A5D082A}.Release|Any CPU.ActiveCfg = Release|Any CPU
		{B48B74EB-680F-40CF-A93F-06563A5D082A}.Release|Any CPU.Build.0 = Release|Any CPU
		{8574D32A-8403-495C-916E-BA158049AB0B}.Debug|Any CPU.ActiveCfg = Debug|Any CPU
		{8574D32A-8403-495C-916E-BA158049AB0B}.Debug|Any CPU.Build.0 = Debug|Any CPU
		{8574D32A-8403-495C-916E-BA158049AB0B}.Release|Any CPU.ActiveCfg = Release|Any CPU
		{8574D32A-8403-495C-916E-BA158049AB0B}.Release|Any CPU.Build.0 = Release|Any CPU
		{AE3BEBF3-F73E-4DBC-BDB0-C05C1620CE7A}.Debug|Any CPU.ActiveCfg = Debug|Any CPU
		{AE3BEBF3-F73E-4DBC-BDB0-C05C1620CE7A}.Debug|Any CPU.Build.0 = Debug|Any CPU
		{AE3BEBF3-F73E-4DBC-BDB0-C05C1620CE7A}.Release|Any CPU.ActiveCfg = Release|Any CPU
		{AE3BEBF3-F73E-4DBC-BDB0-C05C1620CE7A}.Release|Any CPU.Build.0 = Release|Any CPU
		{D48C677C-5E96-4179-864C-91B8DCE43D3A}.Debug|Any CPU.ActiveCfg = Debug|Any CPU
		{D48C677C-5E96-4179-864C-91B8DCE43D3A}.Debug|Any CPU.Build.0 = Debug|Any CPU
		{D48C677C-5E96-4179-864C-91B8DCE43D3A}.Release|Any CPU.ActiveCfg = Release|Any CPU
		{D48C677C-5E96-4179-864C-91B8DCE43D3A}.Release|Any CPU.Build.0 = Release|Any CPU
		{1C2CF588-A55E-48A8-AB5C-5B852CD9A16E}.Debug|Any CPU.ActiveCfg = Debug|Any CPU
		{1C2CF588-A55E-48A8-AB5C-5B852CD9A16E}.Debug|Any CPU.Build.0 = Debug|Any CPU
		{1C2CF588-A55E-48A8-AB5C-5B852CD9A16E}.Release|Any CPU.ActiveCfg = Release|Any CPU
		{1C2CF588-A55E-48A8-AB5C-5B852CD9A16E}.Release|Any CPU.Build.0 = Release|Any CPU
		{786D9FE1-67D9-420B-B2B8-33E08A186E01}.Debug|Any CPU.ActiveCfg = Debug|Any CPU
		{786D9FE1-67D9-420B-B2B8-33E08A186E01}.Debug|Any CPU.Build.0 = Debug|Any CPU
		{786D9FE1-67D9-420B-B2B8-33E08A186E01}.Release|Any CPU.ActiveCfg = Release|Any CPU
		{786D9FE1-67D9-420B-B2B8-33E08A186E01}.Release|Any CPU.Build.0 = Release|Any CPU
		{FF18DDD1-0E97-4646-90EB-B4690A16841F}.Debug|Any CPU.ActiveCfg = Debug|Any CPU
		{FF18DDD1-0E97-4646-90EB-B4690A16841F}.Debug|Any CPU.Build.0 = Debug|Any CPU
		{FF18DDD1-0E97-4646-90EB-B4690A16841F}.Release|Any CPU.ActiveCfg = Release|Any CPU
		{FF18DDD1-0E97-4646-90EB-B4690A16841F}.Release|Any CPU.Build.0 = Release|Any CPU
		{5B11171A-B859-4727-9AFA-228B293EA4E9}.Debug|Any CPU.ActiveCfg = Debug|Any CPU
		{5B11171A-B859-4727-9AFA-228B293EA4E9}.Debug|Any CPU.Build.0 = Debug|Any CPU
		{5B11171A-B859-4727-9AFA-228B293EA4E9}.Release|Any CPU.ActiveCfg = Release|Any CPU
		{5B11171A-B859-4727-9AFA-228B293EA4E9}.Release|Any CPU.Build.0 = Release|Any CPU
		{E6CC4739-9AF6-4D15-980F-2F26DA3C3142}.Debug|Any CPU.ActiveCfg = Debug|Any CPU
		{E6CC4739-9AF6-4D15-980F-2F26DA3C3142}.Debug|Any CPU.Build.0 = Debug|Any CPU
		{E6CC4739-9AF6-4D15-980F-2F26DA3C3142}.Release|Any CPU.ActiveCfg = Release|Any CPU
		{E6CC4739-9AF6-4D15-980F-2F26DA3C3142}.Release|Any CPU.Build.0 = Release|Any CPU
		{26211983-CE9E-4A31-9B6F-EDB08AAFBDB7}.Debug|Any CPU.ActiveCfg = Debug|Any CPU
		{26211983-CE9E-4A31-9B6F-EDB08AAFBDB7}.Debug|Any CPU.Build.0 = Debug|Any CPU
		{26211983-CE9E-4A31-9B6F-EDB08AAFBDB7}.Release|Any CPU.ActiveCfg = Release|Any CPU
		{26211983-CE9E-4A31-9B6F-EDB08AAFBDB7}.Release|Any CPU.Build.0 = Release|Any CPU
		{2777A3E7-BB1F-4838-BA77-AED13DF2A676}.Debug|Any CPU.ActiveCfg = Debug|Any CPU
		{2777A3E7-BB1F-4838-BA77-AED13DF2A676}.Debug|Any CPU.Build.0 = Debug|Any CPU
		{2777A3E7-BB1F-4838-BA77-AED13DF2A676}.Release|Any CPU.ActiveCfg = Release|Any CPU
		{2777A3E7-BB1F-4838-BA77-AED13DF2A676}.Release|Any CPU.Build.0 = Release|Any CPU
		{DF3BBFCD-489E-4573-B3EF-846B1FA8AD10}.Debug|Any CPU.ActiveCfg = Debug|Any CPU
		{DF3BBFCD-489E-4573-B3EF-846B1FA8AD10}.Debug|Any CPU.Build.0 = Debug|Any CPU
		{DF3BBFCD-489E-4573-B3EF-846B1FA8AD10}.Release|Any CPU.ActiveCfg = Release|Any CPU
		{DF3BBFCD-489E-4573-B3EF-846B1FA8AD10}.Release|Any CPU.Build.0 = Release|Any CPU
		{8C51E2C4-C2CC-4D38-AA21-F70FF65C47B1}.Debug|Any CPU.ActiveCfg = Debug|Any CPU
		{8C51E2C4-C2CC-4D38-AA21-F70FF65C47B1}.Debug|Any CPU.Build.0 = Debug|Any CPU
		{8C51E2C4-C2CC-4D38-AA21-F70FF65C47B1}.Release|Any CPU.ActiveCfg = Release|Any CPU
		{8C51E2C4-C2CC-4D38-AA21-F70FF65C47B1}.Release|Any CPU.Build.0 = Release|Any CPU
		{99B2AF8D-92F0-45FE-8A50-220875AAB0CD}.Debug|Any CPU.ActiveCfg = Debug|Any CPU
		{99B2AF8D-92F0-45FE-8A50-220875AAB0CD}.Debug|Any CPU.Build.0 = Debug|Any CPU
		{99B2AF8D-92F0-45FE-8A50-220875AAB0CD}.Release|Any CPU.ActiveCfg = Release|Any CPU
		{99B2AF8D-92F0-45FE-8A50-220875AAB0CD}.Release|Any CPU.Build.0 = Release|Any CPU
		{2B216D92-CB76-4C91-B36C-03039D8B2758}.Debug|Any CPU.ActiveCfg = Debug|Any CPU
		{2B216D92-CB76-4C91-B36C-03039D8B2758}.Debug|Any CPU.Build.0 = Debug|Any CPU
		{2B216D92-CB76-4C91-B36C-03039D8B2758}.Release|Any CPU.ActiveCfg = Release|Any CPU
		{2B216D92-CB76-4C91-B36C-03039D8B2758}.Release|Any CPU.Build.0 = Release|Any CPU
		{62887674-6D5E-4271-98DE-297CB9687886}.Debug|Any CPU.ActiveCfg = Debug|Any CPU
		{62887674-6D5E-4271-98DE-297CB9687886}.Debug|Any CPU.Build.0 = Debug|Any CPU
		{62887674-6D5E-4271-98DE-297CB9687886}.Release|Any CPU.ActiveCfg = Release|Any CPU
		{62887674-6D5E-4271-98DE-297CB9687886}.Release|Any CPU.Build.0 = Release|Any CPU
		{9A69E4DB-53E2-4C62-8C36-9774686F4BA5}.Debug|Any CPU.ActiveCfg = Debug|Any CPU
		{9A69E4DB-53E2-4C62-8C36-9774686F4BA5}.Debug|Any CPU.Build.0 = Debug|Any CPU
		{9A69E4DB-53E2-4C62-8C36-9774686F4BA5}.Release|Any CPU.ActiveCfg = Release|Any CPU
		{9A69E4DB-53E2-4C62-8C36-9774686F4BA5}.Release|Any CPU.Build.0 = Release|Any CPU
		{39A1F919-1262-4020-8409-5E580771F8E3}.Debug|Any CPU.ActiveCfg = Debug|Any CPU
		{39A1F919-1262-4020-8409-5E580771F8E3}.Debug|Any CPU.Build.0 = Debug|Any CPU
		{39A1F919-1262-4020-8409-5E580771F8E3}.Release|Any CPU.ActiveCfg = Release|Any CPU
		{39A1F919-1262-4020-8409-5E580771F8E3}.Release|Any CPU.Build.0 = Release|Any CPU
		{DF1CCC50-2A36-4C03-9FF3-22057ECA6CE0}.Debug|Any CPU.ActiveCfg = Debug|Any CPU
		{DF1CCC50-2A36-4C03-9FF3-22057ECA6CE0}.Debug|Any CPU.Build.0 = Debug|Any CPU
		{DF1CCC50-2A36-4C03-9FF3-22057ECA6CE0}.Release|Any CPU.ActiveCfg = Release|Any CPU
		{DF1CCC50-2A36-4C03-9FF3-22057ECA6CE0}.Release|Any CPU.Build.0 = Release|Any CPU
		{38A006C1-F3D3-43C8-A005-EFA6872EF548}.Debug|Any CPU.ActiveCfg = Debug|Any CPU
		{38A006C1-F3D3-43C8-A005-EFA6872EF548}.Debug|Any CPU.Build.0 = Debug|Any CPU
		{38A006C1-F3D3-43C8-A005-EFA6872EF548}.Release|Any CPU.ActiveCfg = Release|Any CPU
		{38A006C1-F3D3-43C8-A005-EFA6872EF548}.Release|Any CPU.Build.0 = Release|Any CPU
		{FF760593-69B1-4F60-9DED-198917E4D23A}.Debug|Any CPU.ActiveCfg = Debug|Any CPU
		{FF760593-69B1-4F60-9DED-198917E4D23A}.Debug|Any CPU.Build.0 = Debug|Any CPU
		{FF760593-69B1-4F60-9DED-198917E4D23A}.Release|Any CPU.ActiveCfg = Release|Any CPU
		{FF760593-69B1-4F60-9DED-198917E4D23A}.Release|Any CPU.Build.0 = Release|Any CPU
		{A4E82571-D936-45E0-B31A-F8936CFEE326}.Debug|Any CPU.ActiveCfg = Debug|Any CPU
		{A4E82571-D936-45E0-B31A-F8936CFEE326}.Debug|Any CPU.Build.0 = Debug|Any CPU
		{A4E82571-D936-45E0-B31A-F8936CFEE326}.Release|Any CPU.ActiveCfg = Release|Any CPU
		{A4E82571-D936-45E0-B31A-F8936CFEE326}.Release|Any CPU.Build.0 = Release|Any CPU
		{08A53FB1-6D87-4C53-93A2-DA4616B2E4AD}.Debug|Any CPU.ActiveCfg = Debug|Any CPU
		{08A53FB1-6D87-4C53-93A2-DA4616B2E4AD}.Debug|Any CPU.Build.0 = Debug|Any CPU
		{08A53FB1-6D87-4C53-93A2-DA4616B2E4AD}.Release|Any CPU.ActiveCfg = Release|Any CPU
		{08A53FB1-6D87-4C53-93A2-DA4616B2E4AD}.Release|Any CPU.Build.0 = Release|Any CPU
		{4A2E7BCC-9328-48C5-8272-0899A3A4BDA8}.Debug|Any CPU.ActiveCfg = Debug|Any CPU
		{4A2E7BCC-9328-48C5-8272-0899A3A4BDA8}.Debug|Any CPU.Build.0 = Debug|Any CPU
		{4A2E7BCC-9328-48C5-8272-0899A3A4BDA8}.Release|Any CPU.ActiveCfg = Release|Any CPU
		{4A2E7BCC-9328-48C5-8272-0899A3A4BDA8}.Release|Any CPU.Build.0 = Release|Any CPU
		{9D2B39AB-D058-4973-8DFD-82F330A57A5C}.Debug|Any CPU.ActiveCfg = Debug|Any CPU
		{9D2B39AB-D058-4973-8DFD-82F330A57A5C}.Debug|Any CPU.Build.0 = Debug|Any CPU
		{9D2B39AB-D058-4973-8DFD-82F330A57A5C}.Release|Any CPU.ActiveCfg = Release|Any CPU
		{9D2B39AB-D058-4973-8DFD-82F330A57A5C}.Release|Any CPU.Build.0 = Release|Any CPU
		{1F8EA88C-E349-4883-A776-ABD040E78D08}.Debug|Any CPU.ActiveCfg = Debug|Any CPU
		{1F8EA88C-E349-4883-A776-ABD040E78D08}.Debug|Any CPU.Build.0 = Debug|Any CPU
		{1F8EA88C-E349-4883-A776-ABD040E78D08}.Release|Any CPU.ActiveCfg = Release|Any CPU
		{1F8EA88C-E349-4883-A776-ABD040E78D08}.Release|Any CPU.Build.0 = Release|Any CPU
		{576A3F85-9413-45D8-89B4-723EA701BBED}.Debug|Any CPU.ActiveCfg = Debug|Any CPU
		{576A3F85-9413-45D8-89B4-723EA701BBED}.Debug|Any CPU.Build.0 = Debug|Any CPU
		{576A3F85-9413-45D8-89B4-723EA701BBED}.Release|Any CPU.ActiveCfg = Release|Any CPU
		{576A3F85-9413-45D8-89B4-723EA701BBED}.Release|Any CPU.Build.0 = Release|Any CPU
		{44BFFA91-0638-4CAC-B8E3-691E0CF42467}.Debug|Any CPU.ActiveCfg = Debug|Any CPU
		{44BFFA91-0638-4CAC-B8E3-691E0CF42467}.Debug|Any CPU.Build.0 = Debug|Any CPU
		{44BFFA91-0638-4CAC-B8E3-691E0CF42467}.Release|Any CPU.ActiveCfg = Release|Any CPU
		{44BFFA91-0638-4CAC-B8E3-691E0CF42467}.Release|Any CPU.Build.0 = Release|Any CPU
		{93A16416-A555-432C-BBAA-60EBFAF65865}.Debug|Any CPU.ActiveCfg = Debug|Any CPU
		{93A16416-A555-432C-BBAA-60EBFAF65865}.Debug|Any CPU.Build.0 = Debug|Any CPU
		{93A16416-A555-432C-BBAA-60EBFAF65865}.Release|Any CPU.ActiveCfg = Release|Any CPU
		{93A16416-A555-432C-BBAA-60EBFAF65865}.Release|Any CPU.Build.0 = Release|Any CPU
	EndGlobalSection
	GlobalSection(SolutionProperties) = preSolution
		HideSolutionNode = FALSE
	EndGlobalSection
	GlobalSection(NestedProjects) = preSolution
		{E4C7A48C-5FD3-49A8-95C5-1F206B9DD035} = {AEE500D9-75B4-4760-BB28-9796F9722868}
		{45AEA5AD-7610-46FC-8D24-CBD2DF1A4F66} = {AEE500D9-75B4-4760-BB28-9796F9722868}
		{FABF304E-A0EB-493E-A154-23E917614F3E} = {AEE500D9-75B4-4760-BB28-9796F9722868}
		{B2430C80-F0BE-44BB-BE7C-97068D233086} = {AEE500D9-75B4-4760-BB28-9796F9722868}
		{7C76D05E-F1EC-4CDE-A1DB-F114EB149E0C} = {AEE500D9-75B4-4760-BB28-9796F9722868}
		{A7F5F346-F43A-47C8-865D-0DE8162A263A} = {AEE500D9-75B4-4760-BB28-9796F9722868}
		{1FA52AD8-A780-4E71-90F3-EB1DAB49E079} = {AEE500D9-75B4-4760-BB28-9796F9722868}
		{B48B74EB-680F-40CF-A93F-06563A5D082A} = {AEE500D9-75B4-4760-BB28-9796F9722868}
		{8574D32A-8403-495C-916E-BA158049AB0B} = {AEE500D9-75B4-4760-BB28-9796F9722868}
		{AE3BEBF3-F73E-4DBC-BDB0-C05C1620CE7A} = {AEE500D9-75B4-4760-BB28-9796F9722868}
		{D48C677C-5E96-4179-864C-91B8DCE43D3A} = {AEE500D9-75B4-4760-BB28-9796F9722868}
		{1C2CF588-A55E-48A8-AB5C-5B852CD9A16E} = {AEE500D9-75B4-4760-BB28-9796F9722868}
		{786D9FE1-67D9-420B-B2B8-33E08A186E01} = {AEE500D9-75B4-4760-BB28-9796F9722868}
		{FF18DDD1-0E97-4646-90EB-B4690A16841F} = {AEE500D9-75B4-4760-BB28-9796F9722868}
		{5B11171A-B859-4727-9AFA-228B293EA4E9} = {AEE500D9-75B4-4760-BB28-9796F9722868}
		{2F4DD0D3-D7D8-4D07-B28C-7D5FDE955EBC} = {BE268FE7-FEA8-4C7A-B065-02E6D560954A}
		{E6CC4739-9AF6-4D15-980F-2F26DA3C3142} = {2F4DD0D3-D7D8-4D07-B28C-7D5FDE955EBC}
		{26211983-CE9E-4A31-9B6F-EDB08AAFBDB7} = {2F4DD0D3-D7D8-4D07-B28C-7D5FDE955EBC}
		{2777A3E7-BB1F-4838-BA77-AED13DF2A676} = {2F4DD0D3-D7D8-4D07-B28C-7D5FDE955EBC}
		{DF3BBFCD-489E-4573-B3EF-846B1FA8AD10} = {2F4DD0D3-D7D8-4D07-B28C-7D5FDE955EBC}
		{8C51E2C4-C2CC-4D38-AA21-F70FF65C47B1} = {2F4DD0D3-D7D8-4D07-B28C-7D5FDE955EBC}
		{99B2AF8D-92F0-45FE-8A50-220875AAB0CD} = {2F4DD0D3-D7D8-4D07-B28C-7D5FDE955EBC}
		{2B216D92-CB76-4C91-B36C-03039D8B2758} = {96B5CCB9-06ED-4784-891F-036BEC6BEF25}
		{96B5CCB9-06ED-4784-891F-036BEC6BEF25} = {BE268FE7-FEA8-4C7A-B065-02E6D560954A}
		{62887674-6D5E-4271-98DE-297CB9687886} = {96B5CCB9-06ED-4784-891F-036BEC6BEF25}
		{9A69E4DB-53E2-4C62-8C36-9774686F4BA5} = {96B5CCB9-06ED-4784-891F-036BEC6BEF25}
		{39A1F919-1262-4020-8409-5E580771F8E3} = {96B5CCB9-06ED-4784-891F-036BEC6BEF25}
		{DF1CCC50-2A36-4C03-9FF3-22057ECA6CE0} = {96B5CCB9-06ED-4784-891F-036BEC6BEF25}
		{EAC01CAC-E68F-4745-B31B-BF38FEDDD3BB} = {BE268FE7-FEA8-4C7A-B065-02E6D560954A}
		{38A006C1-F3D3-43C8-A005-EFA6872EF548} = {EAC01CAC-E68F-4745-B31B-BF38FEDDD3BB}
		{FF760593-69B1-4F60-9DED-198917E4D23A} = {EAC01CAC-E68F-4745-B31B-BF38FEDDD3BB}
		{A4E82571-D936-45E0-B31A-F8936CFEE326} = {EAC01CAC-E68F-4745-B31B-BF38FEDDD3BB}
		{08A53FB1-6D87-4C53-93A2-DA4616B2E4AD} = {EAC01CAC-E68F-4745-B31B-BF38FEDDD3BB}
		{4A2E7BCC-9328-48C5-8272-0899A3A4BDA8} = {BE268FE7-FEA8-4C7A-B065-02E6D560954A}
		{9D2B39AB-D058-4973-8DFD-82F330A57A5C} = {BE268FE7-FEA8-4C7A-B065-02E6D560954A}
		{1F8EA88C-E349-4883-A776-ABD040E78D08} = {BE268FE7-FEA8-4C7A-B065-02E6D560954A}
		{576A3F85-9413-45D8-89B4-723EA701BBED} = {BE268FE7-FEA8-4C7A-B065-02E6D560954A}
		{44BFFA91-0638-4CAC-B8E3-691E0CF42467} = {BE268FE7-FEA8-4C7A-B065-02E6D560954A}
		{93A16416-A555-432C-BBAA-60EBFAF65865} = {BE268FE7-FEA8-4C7A-B065-02E6D560954A}
	EndGlobalSection
	GlobalSection(ExtensibilityGlobals) = postSolution
		SolutionGuid = {A76D0AC6-A4E3-4249-8ADC-0EB821253EE5}
	EndGlobalSection
EndGlobal
